
Microsoft Visual Studio Solution File, Format Version 12.00
# Visual Studio Version 17
VisualStudioVersion = 17.13.35507.96 d17.13
MinimumVisualStudioVersion = 10.0.40219.1
Project("{FAE04EC0-301F-11D3-BF4B-00C04F79EFBC}") = "Bassma", "Bassma\Bassma.csproj", "{80A9A37F-3613-45DF-80E1-029D5B8895DF}"
EndProject
Global
	GlobalSection(SolutionConfigurationPlatforms) = preSolution
		Debug|Any CPU = Debug|Any CPU
		Release|Any CPU = Release|Any CPU
	EndGlobalSection
	GlobalSection(ProjectConfigurationPlatforms) = postSolution
		{80A9A37F-3613-45DF-80E1-029D5B8895DF}.Debug|Any CPU.ActiveCfg = Debug|Any CPU
		{80A9A37F-3613-45DF-80E1-029D5B8895DF}.Debug|Any CPU.Build.0 = Debug|Any CPU
		{80A9A37F-3613-45DF-80E1-029D5B8895DF}.Release|Any CPU.ActiveCfg = Release|Any CPU
		{80A9A37F-3613-45DF-80E1-029D5B8895DF}.Release|Any CPU.Build.0 = Release|Any CPU
	EndGlobalSection
	GlobalSection(SolutionProperties) = preSolution
		HideSolutionNode = FALSE
	EndGlobalSection
	GlobalSection(ExtensibilityGlobals) = postSolution
		SolutionGuid = {94DA9FAE-5A6F-453B-9C04-8F5F1191BAB1}
	EndGlobalSection
EndGlobal
